
Microsoft Visual Studio Solution File, Format Version 12.00
# Visual Studio Version 16
VisualStudioVersion = 16.0.30204.135
MinimumVisualStudioVersion = 10.0.40219.1
Project("{FAE04EC0-301F-11D3-BF4B-00C04F79EFBC}") = "NvwaFactory", "NvwaFactory.csproj", "{2207D9FE-E56F-4960-86D7-0383EE695C32}"
EndProject
Global
	GlobalSection(SolutionConfigurationPlatforms) = preSolution
		Debug|Any CPU = Debug|Any CPU
		Release|Any CPU = Release|Any CPU
	EndGlobalSection
	GlobalSection(ProjectConfigurationPlatforms) = postSolution
		{2207D9FE-E56F-4960-86D7-0383EE695C32}.Debug|Any CPU.ActiveCfg = Debug|Any CPU
		{2207D9FE-E56F-4960-86D7-0383EE695C32}.Debug|Any CPU.Build.0 = Debug|Any CPU
		{2207D9FE-E56F-4960-86D7-0383EE695C32}.Release|Any CPU.ActiveCfg = Release|Any CPU
		{2207D9FE-E56F-4960-86D7-0383EE695C32}.Release|Any CPU.Build.0 = Release|Any CPU
	EndGlobalSection
	GlobalSection(SolutionProperties) = preSolution
		HideSolutionNode = FALSE
	EndGlobalSection
	GlobalSection(ExtensibilityGlobals) = postSolution
		SolutionGuid = {3A70C081-0F5F-42A1-9C07-B3FD5006CCB4}
	EndGlobalSection
EndGlobal
